Microsoft Visual Studio Solution File, Format Version 12.00
# Visual Studio Version 16
VisualStudioVersion = 16.0.31005.135
MinimumVisualStudioVersion = 10.0.40219.1
Project("{FAE04EC0-301F-11D3-BF4B-00C04F79EFBC}") = "Libretro.NET", "Libretro.NET\Libretro.NET.csproj", "{C0C8EB4E-CDA8-4407-A66B-287196AD577B}"
EndProject
Project("{FAE04EC0-301F-11D3-BF4B-00C04F79EFBC}") = "Libretro.NET.Tests", "Libretro.NET.Tests\Libretro.NET.Tests.csproj", "{7C4F08E2-4FBA-4CF6-A10D-E931F203B664}"
EndProject
Project("{FAE04EC0-301F-11D3-BF4B-00C04F79EFBC}") = "Libretro.NET.Example", "Libretro.NET.Example\Libretro.NET.Example.csproj", "{5F6916BE-58A4-4DBC-9F78-16F86B6F232F}"
EndProject
Global
	GlobalSection(SolutionConfigurationPlatforms) = preSolution
		Debug|Any CPU = Debug|Any CPU
		Debug|x64 = Debug|x64
		Release|Any CPU = Release|Any CPU
		Release|x64 = Release|x64
	EndGlobalSection
	GlobalSection(ProjectConfigurationPlatforms) = postSolution
		{C0C8EB4E-CDA8-4407-A66B-287196AD577B}.Debug|Any CPU.ActiveCfg = Debug|Any CPU
		{C0C8EB4E-CDA8-4407-A66B-287196AD577B}.Debug|Any CPU.Build.0 = Debug|Any CPU
		{C0C8EB4E-CDA8-4407-A66B-287196AD577B}.Debug|x64.ActiveCfg = Debug|x64
		{C0C8EB4E-CDA8-4407-A66B-287196AD577B}.Debug|x64.Build.0 = Debug|x64
		{C0C8EB4E-CDA8-4407-A66B-287196AD577B}.Release|Any CPU.ActiveCfg = Release|Any CPU
		{C0C8EB4E-CDA8-4407-A66B-287196AD577B}.Release|Any CPU.Build.0 = Release|Any CPU
		{C0C8EB4E-CDA8-4407-A66B-287196AD577B}.Release|x64.ActiveCfg = Release|x64
		{C0C8EB4E-CDA8-4407-A66B-287196AD577B}.Release|x64.Build.0 = Release|x64
		{7C4F08E2-4FBA-4CF6-A10D-E931F203B664}.Debug|Any CPU.ActiveCfg = Debug|Any CPU
		{7C4F08E2-4FBA-4CF6-A10D-E931F203B664}.Debug|Any CPU.Build.0 = Debug|Any CPU
		{7C4F08E2-4FBA-4CF6-A10D-E931F203B664}.Debug|x64.ActiveCfg = Debug|x64
		{7C4F08E2-4FBA-4CF6-A10D-E931F203B664}.Debug|x64.Build.0 = Debug|x64
		{7C4F08E2-4FBA-4CF6-A10D-E931F203B664}.Release|Any CPU.ActiveCfg = Release|Any CPU
		{7C4F08E2-4FBA-4CF6-A10D-E931F203B664}.Release|Any CPU.Build.0 = Release|Any CPU
		{7C4F08E2-4FBA-4CF6-A10D-E931F203B664}.Release|x64.ActiveCfg = Release|x64
		{7C4F08E2-4FBA-4CF6-A10D-E931F203B664}.Release|x64.Build.0 = Release|x64
		{5F6916BE-58A4-4DBC-9F78-16F86B6F232F}.Debug|Any CPU.ActiveCfg = Debug|Any CPU
		{5F6916BE-58A4-4DBC-9F78-16F86B6F232F}.Debug|Any CPU.Build.0 = Debug|Any CPU
		{5F6916BE-58A4-4DBC-9F78-16F86B6F232F}.Debug|x64.ActiveCfg = Debug|x64
		{5F6916BE-58A4-4DBC-9F78-16F86B6F232F}.Debug|x64.Build.0 = Debug|x64
		{5F6916BE-58A4-4DBC-9F78-16F86B6F232F}.Release|Any CPU.ActiveCfg = Release|Any CPU
		{5F6916BE-58A4-4DBC-9F78-16F86B6F232F}.Release|Any CPU.Build.0 = Release|Any CPU
		{5F6916BE-58A4-4DBC-9F78-16F86B6F232F}.Release|x64.ActiveCfg = Release|x64
		{5F6916BE-58A4-4DBC-9F78-16F86B6F232F}.Release|x64.Build.0 = Release|x64
	EndGlobalSection
	GlobalSection(SolutionProperties) = preSolution
		HideSolutionNode = FALSE
	EndGlobalSection
	GlobalSection(ExtensibilityGlobals) = postSolution
		SolutionGuid = {215B53C8-A7B6-49F1-8375-C2F47BEEB66C}
	EndGlobalSection
EndGlobal
