
Microsoft Visual Studio Solution File, Format Version 12.00
# Visual Studio Version 17
VisualStudioVersion = 17.13.35818.85 d17.13
MinimumVisualStudioVersion = 10.0.40219.1
Project("{FAE04EC0-301F-11D3-BF4B-00C04F79EFBC}") = "Libretro.NET", "Libretro.NET\Libretro.NET.csproj", "{C0C8EB4E-CDA8-4407-A66B-287196AD577B}"
EndProject
Global
	GlobalSection(SolutionConfigurationPlatforms) = preSolution
		Debug|Any CPU = Debug|Any CPU
		Debug|x64 = Debug|x64
		Release|Any CPU = Release|Any CPU
		Release|x64 = Release|x64
	EndGlobalSection
	GlobalSection(ProjectConfigurationPlatforms) = postSolution
		{C0C8EB4E-CDA8-4407-A66B-287196AD577B}.Debug|Any CPU.ActiveCfg = Debug|Any CPU
		{C0C8EB4E-CDA8-4407-A66B-287196AD577B}.Debug|Any CPU.Build.0 = Debug|Any CPU
		{C0C8EB4E-CDA8-4407-A66B-287196AD577B}.Debug|x64.ActiveCfg = Debug|x64
		{C0C8EB4E-CDA8-4407-A66B-287196AD577B}.Debug|x64.Build.0 = Debug|x64
		{C0C8EB4E-CDA8-4407-A66B-287196AD577B}.Release|Any CPU.ActiveCfg = Release|Any CPU
		{C0C8EB4E-CDA8-4407-A66B-287196AD577B}.Release|Any CPU.Build.0 = Release|Any CPU
		{C0C8EB4E-CDA8-4407-A66B-287196AD577B}.Release|x64.ActiveCfg = Release|x64
		{C0C8EB4E-CDA8-4407-A66B-287196AD577B}.Release|x64.Build.0 = Release|x64
	EndGlobalSection
	GlobalSection(SolutionProperties) = preSolution
		HideSolutionNode = FALSE
	EndGlobalSection
	GlobalSection(ExtensibilityGlobals) = postSolution
		SolutionGuid = {215B53C8-A7B6-49F1-8375-C2F47BEEB66C}
	EndGlobalSection
EndGlobal
